lockfileVersion: 5.4

specifiers:
  esbuild: ^0.17.10
  react: ^18.2.0
  react-dom: ^18.2.0

dependencies:
  esbuild: registry.npmmirror.com/esbuild/0.17.10
  react: registry.npmmirror.com/react/18.2.0
  react-dom: registry.npmmirror.com/react-dom/18.2.0_react@18.2.0

packages:

  registry.npmmirror.com/@esbuild/android-arm/0.17.10:
    resolution: {integrity: sha512-7YEBfZ5lSem9Tqpsz+tjbdsEshlO9j/REJrfv4DXgKTt1+/MHqGwbtlyxQuaSlMeUZLxUKBaX8wdzlTfHkmnLw==, registry: https://registry.npm.taobao.org/, tarball: https://registry.npmmirror.com/@esbuild/android-arm/-/android-arm-0.17.10.tgz}
    name: '@esbuild/android-arm'
    version: 0.17.10
    engines: {node: '>=12'}
    cpu: [arm]
    os: [android]
    requiresBuild: true
    dev: false
    optional: true

  registry.npmmirror.com/@esbuild/android-arm64/0.17.10:
    resolution: {integrity: sha512-ht1P9CmvrPF5yKDtyC+z43RczVs4rrHpRqrmIuoSvSdn44Fs1n6DGlpZKdK6rM83pFLbVaSUwle8IN+TPmkv7g==, registry: https://registry.npm.taobao.org/, tarball: https://registry.npmmirror.com/@esbuild/android-arm64/-/android-arm64-0.17.10.tgz}
    name: '@esbuild/android-arm64'
    version: 0.17.10
    engines: {node: '>=12'}
    cpu: [arm64]
    os: [android]
    requiresBuild: true
    dev: false
    optional: true

  registry.npmmirror.com/@esbuild/android-x64/0.17.10:
    resolution: {integrity: sha512-CYzrm+hTiY5QICji64aJ/xKdN70IK8XZ6iiyq0tZkd3tfnwwSWTYH1t3m6zyaaBxkuj40kxgMyj1km/NqdjQZA==, registry: https://registry.npm.taobao.org/, tarball: https://registry.npmmirror.com/@esbuild/android-x64/-/android-x64-0.17.10.tgz}
    name: '@esbuild/android-x64'
    version: 0.17.10
    engines: {node: '>=12'}
    cpu: [x64]
    os: [android]
    requiresBuild: true
    dev: false
    optional: true

  registry.npmmirror.com/@esbuild/darwin-arm64/0.17.10:
    resolution: {integrity: sha512-3HaGIowI+nMZlopqyW6+jxYr01KvNaLB5znXfbyyjuo4lE0VZfvFGcguIJapQeQMS4cX/NEispwOekJt3gr5Dg==, registry: https://registry.npm.taobao.org/, tarball: https://registry.npmmirror.com/@esbuild/darwin-arm64/-/darwin-arm64-0.17.10.tgz}
    name: '@esbuild/darwin-arm64'
    version: 0.17.10
    engines: {node: '>=12'}
    cpu: [arm64]
    os: [darwin]
    requiresBuild: true
    dev: false
    optional: true

  registry.npmmirror.com/@esbuild/darwin-x64/0.17.10:
    resolution: {integrity: sha512-J4MJzGchuCRG5n+B4EHpAMoJmBeAE1L3wGYDIN5oWNqX0tEr7VKOzw0ymSwpoeSpdCa030lagGUfnfhS7OvzrQ==, registry: https://registry.npm.taobao.org/, tarball: https://registry.npmmirror.com/@esbuild/darwin-x64/-/darwin-x64-0.17.10.tgz}
    name: '@esbuild/darwin-x64'
    version: 0.17.10
    engines: {node: '>=12'}
    cpu: [x64]
    os: [darwin]
    requiresBuild: true
    dev: false
    optional: true

  registry.npmmirror.com/@esbuild/freebsd-arm64/0.17.10:
    resolution: {integrity: sha512-ZkX40Z7qCbugeK4U5/gbzna/UQkM9d9LNV+Fro8r7HA7sRof5Rwxc46SsqeMvB5ZaR0b1/ITQ/8Y1NmV2F0fXQ==, registry: https://registry.npm.taobao.org/, tarball: https://registry.npmmirror.com/@esbuild/freebsd-arm64/-/freebsd-arm64-0.17.10.tgz}
    name: '@esbuild/freebsd-arm64'
    version: 0.17.10
    engines: {node: '>=12'}
    cpu: [arm64]
    os: [freebsd]
    requiresBuild: true
    dev: false
    optional: true

  registry.npmmirror.com/@esbuild/freebsd-x64/0.17.10:
    resolution: {integrity: sha512-0m0YX1IWSLG9hWh7tZa3kdAugFbZFFx9XrvfpaCMMvrswSTvUZypp0NFKriUurHpBA3xsHVE9Qb/0u2Bbi/otg==, registry: https://registry.npm.taobao.org/, tarball: https://registry.npmmirror.com/@esbuild/freebsd-x64/-/freebsd-x64-0.17.10.tgz}
    name: '@esbuild/freebsd-x64'
    version: 0.17.10
    engines: {node: '>=12'}
    cpu: [x64]
    os: [freebsd]
    requiresBuild: true
    dev: false
    optional: true

  registry.npmmirror.com/@esbuild/linux-arm/0.17.10:
    resolution: {integrity: sha512-whRdrrl0X+9D6o5f0sTZtDM9s86Xt4wk1bf7ltx6iQqrIIOH+sre1yjpcCdrVXntQPCNw/G+XqsD4HuxeS+2QA==, registry: https://registry.npm.taobao.org/, tarball: https://registry.npmmirror.com/@esbuild/linux-arm/-/linux-arm-0.17.10.tgz}
    name: '@esbuild/linux-arm'
    version: 0.17.10
    engines: {node: '>=12'}
    cpu: [arm]
    os: [linux]
    requiresBuild: true
    dev: false
    optional: true

  registry.npmmirror.com/@esbuild/linux-arm64/0.17.10:
    resolution: {integrity: sha512-g1EZJR1/c+MmCgVwpdZdKi4QAJ8DCLP5uTgLWSAVd9wlqk9GMscaNMEViG3aE1wS+cNMzXXgdWiW/VX4J+5nTA==, registry: https://registry.npm.taobao.org/, tarball: https://registry.npmmirror.com/@esbuild/linux-arm64/-/linux-arm64-0.17.10.tgz}
    name: '@esbuild/linux-arm64'
    version: 0.17.10
    engines: {node: '>=12'}
    cpu: [arm64]
    os: [linux]
    requiresBuild: true
    dev: false
    optional: true

  registry.npmmirror.com/@esbuild/linux-ia32/0.17.10:
    resolution: {integrity: sha512-1vKYCjfv/bEwxngHERp7huYfJ4jJzldfxyfaF7hc3216xiDA62xbXJfRlradiMhGZbdNLj2WA1YwYFzs9IWNPw==, registry: https://registry.npm.taobao.org/, tarball: https://registry.npmmirror.com/@esbuild/linux-ia32/-/linux-ia32-0.17.10.tgz}
    name: '@esbuild/linux-ia32'
    version: 0.17.10
    engines: {node: '>=12'}
    cpu: [ia32]
    os: [linux]
    requiresBuild: true
    dev: false
    optional: true

  registry.npmmirror.com/@esbuild/linux-loong64/0.17.10:
    resolution: {integrity: sha512-mvwAr75q3Fgc/qz3K6sya3gBmJIYZCgcJ0s7XshpoqIAIBszzfXsqhpRrRdVFAyV1G9VUjj7VopL2HnAS8aHFA==, registry: https://registry.npm.taobao.org/, tarball: https://registry.npmmirror.com/@esbuild/linux-loong64/-/linux-loong64-0.17.10.tgz}
    name: '@esbuild/linux-loong64'
    version: 0.17.10
    engines: {node: '>=12'}
    cpu: [loong64]
    os: [linux]
    requiresBuild: true
    dev: false
    optional: true

  registry.npmmirror.com/@esbuild/linux-mips64el/0.17.10:
    resolution: {integrity: sha512-XilKPgM2u1zR1YuvCsFQWl9Fc35BqSqktooumOY2zj7CSn5czJn279j9TE1JEqSqz88izJo7yE4x3LSf7oxHzg==, registry: https://registry.npm.taobao.org/, tarball: https://registry.npmmirror.com/@esbuild/linux-mips64el/-/linux-mips64el-0.17.10.tgz}
    name: '@esbuild/linux-mips64el'
    version: 0.17.10
    engines: {node: '>=12'}
    cpu: [mips64el]
    os: [linux]
    requiresBuild: true
    dev: false
    optional: true

  registry.npmmirror.com/@esbuild/linux-ppc64/0.17.10:
    resolution: {integrity: sha512-kM4Rmh9l670SwjlGkIe7pYWezk8uxKHX4Lnn5jBZYBNlWpKMBCVfpAgAJqp5doLobhzF3l64VZVrmGeZ8+uKmQ==, registry: https://registry.npm.taobao.org/, tarball: https://registry.npmmirror.com/@esbuild/linux-ppc64/-/linux-ppc64-0.17.10.tgz}
    name: '@esbuild/linux-ppc64'
    version: 0.17.10
    engines: {node: '>=12'}
    cpu: [ppc64]
    os: [linux]
    requiresBuild: true
    dev: false
    optional: true

  registry.npmmirror.com/@esbuild/linux-riscv64/0.17.10:
    resolution: {integrity: sha512-r1m9ZMNJBtOvYYGQVXKy+WvWd0BPvSxMsVq8Hp4GzdMBQvfZRvRr5TtX/1RdN6Va8JMVQGpxqde3O+e8+khNJQ==, registry: https://registry.npm.taobao.org/, tarball: https://registry.npmmirror.com/@esbuild/linux-riscv64/-/linux-riscv64-0.17.10.tgz}
    name: '@esbuild/linux-riscv64'
    version: 0.17.10
    engines: {node: '>=12'}
    cpu: [riscv64]
    os: [linux]
    requiresBuild: true
    dev: false
    optional: true

  registry.npmmirror.com/@esbuild/linux-s390x/0.17.10:
    resolution: {integrity: sha512-LsY7QvOLPw9WRJ+fU5pNB3qrSfA00u32ND5JVDrn/xG5hIQo3kvTxSlWFRP0NJ0+n6HmhPGG0Q4jtQsb6PFoyg==, registry: https://registry.npm.taobao.org/, tarball: https://registry.npmmirror.com/@esbuild/linux-s390x/-/linux-s390x-0.17.10.tgz}
    name: '@esbuild/linux-s390x'
    version: 0.17.10
    engines: {node: '>=12'}
    cpu: [s390x]
    os: [linux]
    requiresBuild: true
    dev: false
    optional: true

  registry.npmmirror.com/@esbuild/linux-x64/0.17.10:
    resolution: {integrity: sha512-zJUfJLebCYzBdIz/Z9vqwFjIA7iSlLCFvVi7glMgnu2MK7XYigwsonXshy9wP9S7szF+nmwrelNaP3WGanstEg==, registry: https://registry.npm.taobao.org/, tarball: https://registry.npmmirror.com/@esbuild/linux-x64/-/linux-x64-0.17.10.tgz}
    name: '@esbuild/linux-x64'
    version: 0.17.10
    engines: {node: '>=12'}
    cpu: [x64]
    os: [linux]
    requiresBuild: true
    dev: false
    optional: true

  registry.npmmirror.com/@esbuild/netbsd-x64/0.17.10:
    resolution: {integrity: sha512-lOMkailn4Ok9Vbp/q7uJfgicpDTbZFlXlnKT2DqC8uBijmm5oGtXAJy2ZZVo5hX7IOVXikV9LpCMj2U8cTguWA==, registry: https://registry.npm.taobao.org/, tarball: https://registry.npmmirror.com/@esbuild/netbsd-x64/-/netbsd-x64-0.17.10.tgz}
    name: '@esbuild/netbsd-x64'
    version: 0.17.10
    engines: {node: '>=12'}
    cpu: [x64]
    os: [netbsd]
    requiresBuild: true
    dev: false
    optional: true

  registry.npmmirror.com/@esbuild/openbsd-x64/0.17.10:
    resolution: {integrity: sha512-/VE0Kx6y7eekqZ+ZLU4AjMlB80ov9tEz4H067Y0STwnGOYL8CsNg4J+cCmBznk1tMpxMoUOf0AbWlb1d2Pkbig==, registry: https://registry.npm.taobao.org/, tarball: https://registry.npmmirror.com/@esbuild/openbsd-x64/-/openbsd-x64-0.17.10.tgz}
    name: '@esbuild/openbsd-x64'
    version: 0.17.10
    engines: {node: '>=12'}
    cpu: [x64]
    os: [openbsd]
    requiresBuild: true
    dev: false
    optional: true

  registry.npmmirror.com/@esbuild/sunos-x64/0.17.10:
    resolution: {integrity: sha512-ERNO0838OUm8HfUjjsEs71cLjLMu/xt6bhOlxcJ0/1MG3hNqCmbWaS+w/8nFLa0DDjbwZQuGKVtCUJliLmbVgg==, registry: https://registry.npm.taobao.org/, tarball: https://registry.npmmirror.com/@esbuild/sunos-x64/-/sunos-x64-0.17.10.tgz}
    name: '@esbuild/sunos-x64'
    version: 0.17.10
    engines: {node: '>=12'}
    cpu: [x64]
    os: [sunos]
    requiresBuild: true
    dev: false
    optional: true

  registry.npmmirror.com/@esbuild/win32-arm64/0.17.10:
    resolution: {integrity: sha512-fXv+L+Bw2AeK+XJHwDAQ9m3NRlNemG6Z6ijLwJAAVdu4cyoFbBWbEtyZzDeL+rpG2lWI51cXeMt70HA8g2MqIg==, registry: https://registry.npm.taobao.org/, tarball: https://registry.npmmirror.com/@esbuild/win32-arm64/-/win32-arm64-0.17.10.tgz}
    name: '@esbuild/win32-arm64'
    version: 0.17.10
    engines: {node: '>=12'}
    cpu: [arm64]
    os: [win32]
    requiresBuild: true
    dev: false
    optional: true

  registry.npmmirror.com/@esbuild/win32-ia32/0.17.10:
    resolution: {integrity: sha512-3s+HADrOdCdGOi5lnh5DMQEzgbsFsd4w57L/eLKKjMnN0CN4AIEP0DCP3F3N14xnxh3ruNc32A0Na9zYe1Z/AQ==, registry: https://registry.npm.taobao.org/, tarball: https://registry.npmmirror.com/@esbuild/win32-ia32/-/win32-ia32-0.17.10.tgz}
    name: '@esbuild/win32-ia32'
    version: 0.17.10
    engines: {node: '>=12'}
    cpu: [ia32]
    os: [win32]
    requiresBuild: true
    dev: false
    optional: true

  registry.npmmirror.com/@esbuild/win32-x64/0.17.10:
    resolution: {integrity: sha512-oP+zFUjYNaMNmjTwlFtWep85hvwUu19cZklB3QsBOcZSs6y7hmH4LNCJ7075bsqzYaNvZFXJlAVaQ2ApITDXtw==, registry: https://registry.npm.taobao.org/, tarball: https://registry.npmmirror.com/@esbuild/win32-x64/-/win32-x64-0.17.10.tgz}
    name: '@esbuild/win32-x64'
    version: 0.17.10
    engines: {node: '>=12'}
    cpu: [x64]
    os: [win32]
    requiresBuild: true
    dev: false
    optional: true

  registry.npmmirror.com/esbuild/0.17.10:
    resolution: {integrity: sha512-n7V3v29IuZy5qgxx25TKJrEm0FHghAlS6QweUcyIgh/U0zYmQcvogWROitrTyZId1mHSkuhhuyEXtI9OXioq7A==, registry: https://registry.npm.taobao.org/, tarball: https://registry.npmmirror.com/esbuild/-/esbuild-0.17.10.tgz}
    name: esbuild
    version: 0.17.10
    engines: {node: '>=12'}
    hasBin: true
    requiresBuild: true
    optionalDependencies:
      '@esbuild/android-arm': registry.npmmirror.com/@esbuild/android-arm/0.17.10
      '@esbuild/android-arm64': registry.npmmirror.com/@esbuild/android-arm64/0.17.10
      '@esbuild/android-x64': registry.npmmirror.com/@esbuild/android-x64/0.17.10
      '@esbuild/darwin-arm64': registry.npmmirror.com/@esbuild/darwin-arm64/0.17.10
      '@esbuild/darwin-x64': registry.npmmirror.com/@esbuild/darwin-x64/0.17.10
      '@esbuild/freebsd-arm64': registry.npmmirror.com/@esbuild/freebsd-arm64/0.17.10
      '@esbuild/freebsd-x64': registry.npmmirror.com/@esbuild/freebsd-x64/0.17.10
      '@esbuild/linux-arm': registry.npmmirror.com/@esbuild/linux-arm/0.17.10
      '@esbuild/linux-arm64': registry.npmmirror.com/@esbuild/linux-arm64/0.17.10
      '@esbuild/linux-ia32': registry.npmmirror.com/@esbuild/linux-ia32/0.17.10
      '@esbuild/linux-loong64': registry.npmmirror.com/@esbuild/linux-loong64/0.17.10
      '@esbuild/linux-mips64el': registry.npmmirror.com/@esbuild/linux-mips64el/0.17.10
      '@esbuild/linux-ppc64': registry.npmmirror.com/@esbuild/linux-ppc64/0.17.10
      '@esbuild/linux-riscv64': registry.npmmirror.com/@esbuild/linux-riscv64/0.17.10
      '@esbuild/linux-s390x': registry.npmmirror.com/@esbuild/linux-s390x/0.17.10
      '@esbuild/linux-x64': registry.npmmirror.com/@esbuild/linux-x64/0.17.10
      '@esbuild/netbsd-x64': registry.npmmirror.com/@esbuild/netbsd-x64/0.17.10
      '@esbuild/openbsd-x64': registry.npmmirror.com/@esbuild/openbsd-x64/0.17.10
      '@esbuild/sunos-x64': registry.npmmirror.com/@esbuild/sunos-x64/0.17.10
      '@esbuild/win32-arm64': registry.npmmirror.com/@esbuild/win32-arm64/0.17.10
      '@esbuild/win32-ia32': registry.npmmirror.com/@esbuild/win32-ia32/0.17.10
      '@esbuild/win32-x64': registry.npmmirror.com/@esbuild/win32-x64/0.17.10
    dev: false

  registry.npmmirror.com/js-tokens/4.0.0:
    resolution: {integrity: sha512-RdJUflcE3cUzKiMqQgsCu06FPu9UdIJO0beYbPhHN4k6apgJtifcoCtT9bcxOpYBtpD2kCM6Sbzg4CausW/PKQ==, registry: https://registry.npm.taobao.org/, tarball: https://registry.npmmirror.com/js-tokens/-/js-tokens-4.0.0.tgz}
    name: js-tokens
    version: 4.0.0
    dev: false

  registry.npmmirror.com/loose-envify/1.4.0:
    resolution: {integrity: sha512-lyuxPGr/Wfhrlem2CL/UcnUc1zcqKAImBDzukY7Y5F/yQiNdko6+fRLevlw1HgMySw7f611UIY408EtxRSoK3Q==, registry: https://registry.npm.taobao.org/, tarball: https://registry.npmmirror.com/loose-envify/-/loose-envify-1.4.0.tgz}
    name: loose-envify
    version: 1.4.0
    hasBin: true
    dependencies:
      js-tokens: registry.npmmirror.com/js-tokens/4.0.0
    dev: false

  registry.npmmirror.com/react-dom/18.2.0_react@18.2.0:
    resolution: {integrity: sha512-6IMTriUmvsjHUjNtEDudZfuDQUoWXVxKHhlEGSk81n4YFS+r/Kl99wXiwlVXtPBtJenozv2P+hxDsw9eA7Xo6g==, registry: https://registry.npm.taobao.org/, tarball: https://registry.npmmirror.com/react-dom/-/react-dom-18.2.0.tgz}
    id: registry.npmmirror.com/react-dom/18.2.0
    name: react-dom
    version: 18.2.0
    peerDependencies:
      react: ^18.2.0
    dependencies:
      loose-envify: registry.npmmirror.com/loose-envify/1.4.0
      react: registry.npmmirror.com/react/18.2.0
      scheduler: registry.npmmirror.com/scheduler/0.23.0
    dev: false

  registry.npmmirror.com/react/18.2.0:
    resolution: {integrity: sha512-/3IjMdb2L9QbBdWiW5e3P2/npwMBaU9mHCSCUzNln0ZCYbcfTsGbTJrU/kGemdH2IWmB2ioZ+zkxtmq6g09fGQ==, registry: https://registry.npm.taobao.org/, tarball: https://registry.npmmirror.com/react/-/react-18.2.0.tgz}
    name: react
    version: 18.2.0
    engines: {node: '>=0.10.0'}
    dependencies:
      loose-envify: registry.npmmirror.com/loose-envify/1.4.0
    dev: false

  registry.npmmirror.com/scheduler/0.23.0:
    resolution: {integrity: sha512-CtuThmgHNg7zIZWAXi3AsyIzA3n4xx7aNyjwC2VJldO2LMVDhFK+63xGqq6CsJH4rTAt6/M+N4GhZiDYPx9eUw==, registry: https://registry.npm.taobao.org/, tarball: https://registry.npmmirror.com/scheduler/-/scheduler-0.23.0.tgz}
    name: scheduler
    version: 0.23.0
    dependencies:
      loose-envify: registry.npmmirror.com/loose-envify/1.4.0
    dev: false
